// !$*UTF8*$!
{
	archiveVersion = 1;
	classes = {
	};
	objectVersion = 56;
	objects = {

/* Begin PBXBuildFile section */
		13E09BD72A2CA4AC009543C6 /* ConnectedSampleApp.swift in Sources */ = {isa = PBXBuildFile; fileRef = 13E09BD62A2CA4AC009543C6 /* ConnectedSampleApp.swift */; };
		13E09BD92A2CA4AC009543C6 /* ContentView.swift in Sources */ = {isa = PBXBuildFile; fileRef = 13E09BD82A2CA4AC009543C6 /* ContentView.swift */; };
		13E09BDB2A2CA4AD009543C6 /* Assets.xcassets in Resources */ = {isa = PBXBuildFile; fileRef = 13E09BDA2A2CA4AD009543C6 /* Assets.xcassets */; };
		13E09BDE2A2CA4AD009543C6 /* Preview Assets.xcassets in Resources */ = {isa = PBXBuildFile; fileRef = 13E09BDD2A2CA4AD009543C6 /* Preview Assets.xcassets */; };
		13E09BE52A2CC927009543C6 /* OnboardingView.swift in Sources */ = {isa = PBXBuildFile; fileRef = 13E09BE42A2CC927009543C6 /* OnboardingView.swift */; };
		13E09BE72A2CD23B009543C6 /* SkipButton.swift in Sources */ = {isa = PBXBuildFile; fileRef = 13E09BE62A2CD23B009543C6 /* SkipButton.swift */; };
		13E09BE92A2CD3AE009543C6 /* OnboardingButton.swift in Sources */ = {isa = PBXBuildFile; fileRef = 13E09BE82A2CD3AE009543C6 /* OnboardingButton.swift */; };
		13E09BEB2A2CDDDF009543C6 /* CustomProgressbar.swift in Sources */ = {isa = PBXBuildFile; fileRef = 13E09BEA2A2CDDDF009543C6 /* CustomProgressbar.swift */; };
		13E09BEF2A2CE914009543C6 /* CameraSampleView.swift in Sources */ = {isa = PBXBuildFile; fileRef = 13E09BEE2A2CE914009543C6 /* CameraSampleView.swift */; };
		13E09BF12A2CF210009543C6 /* SampleModal.swift in Sources */ = {isa = PBXBuildFile; fileRef = 13E09BF02A2CF210009543C6 /* SampleModal.swift */; };
		13E09BF42A2D1392009543C6 /* MainView.swift in Sources */ = {isa = PBXBuildFile; fileRef = 13E09BF32A2D1392009543C6 /* MainView.swift */; };
/* End PBXBuildFile section */

/* Begin PBXFileReference section */
		13E09BD32A2CA4AC009543C6 /* ConnectedSample.app */ = {isa = PBXFileReference; explicitFileType = wrapper.application; includeInIndex = 0; path = ConnectedSample.app; sourceTree = BUILT_PRODUCTS_DIR; };
		13E09BD62A2CA4AC009543C6 /* ConnectedSampleApp.swift */ = {isa = PBXFileReference; lastKnownFileType = sourcecode.swift; path = ConnectedSampleApp.swift; sourceTree = "<group>"; };
		13E09BD82A2CA4AC009543C6 /* ContentView.swift */ = {isa = PBXFileReference; lastKnownFileType = sourcecode.swift; path = ContentView.swift; sourceTree = "<group>"; };
		13E09BDA2A2CA4AD009543C6 /* Assets.xcassets */ = {isa = PBXFileReference; lastKnownFileType = folder.assetcatalog; path = Assets.xcassets; sourceTree = "<group>"; };
		13E09BDD2A2CA4AD009543C6 /* Preview Assets.xcassets */ = {isa = PBXFileReference; lastKnownFileType = folder.assetcatalog; path = "Preview Assets.xcassets"; sourceTree = "<group>"; };
		13E09BE42A2CC927009543C6 /* OnboardingView.swift */ = {isa = PBXFileReference; lastKnownFileType = sourcecode.swift; path = OnboardingView.swift; sourceTree = "<group>"; };
		13E09BE62A2CD23B009543C6 /* SkipButton.swift */ = {isa = PBXFileReference; lastKnownFileType = sourcecode.swift; path = SkipButton.swift; sourceTree = "<group>"; };
		13E09BE82A2CD3AE009543C6 /* OnboardingButton.swift */ = {isa = PBXFileReference; lastKnownFileType = sourcecode.swift; path = OnboardingButton.swift; sourceTree = "<group>"; };
		13E09BEA2A2CDDDF009543C6 /* CustomProgressbar.swift */ = {isa = PBXFileReference; lastKnownFileType = sourcecode.swift; path = CustomProgressbar.swift; sourceTree = "<group>"; };
		13E09BEE2A2CE914009543C6 /* CameraSampleView.swift */ = {isa = PBXFileReference; lastKnownFileType = sourcecode.swift; path = CameraSampleView.swift; sourceTree = "<group>"; };
		13E09BF02A2CF210009543C6 /* SampleModal.swift */ = {isa = PBXFileReference; lastKnownFileType = sourcecode.swift; path = SampleModal.swift; sourceTree = "<group>"; };
		13E09BF22A2CF5FC009543C6 /* Info.plist */ = {isa = PBXFileReference; lastKnownFileType = text.plist; path = Info.plist; sourceTree = "<group>"; };
		13E09BF32A2D1392009543C6 /* MainView.swift */ = {isa = PBXFileReference; lastKnownFileType = sourcecode.swift; path = MainView.swift; sourceTree = "<group>"; };
/* End PBXFileReference section */

/* Begin PBXFrameworksBuildPhase section */
		13E09BD02A2CA4AC009543C6 /* Frameworks */ = {
			isa = PBXFrameworksBuildPhase;
			buildActionMask = 2147483647;
			files = (
			);
			runOnlyForDeploymentPostprocessing = 0;
		};
/* End PBXFrameworksBuildPhase section */

/* Begin PBXGroup section */
		13E09BCA2A2CA4AC009543C6 = {
			isa = PBXGroup;
			children = (
				13E09BD52A2CA4AC009543C6 /* ConnectedSample */,
				13E09BD42A2CA4AC009543C6 /* Products */,
			);
			sourceTree = "<group>";
		};
		13E09BD42A2CA4AC009543C6 /* Products */ = {
			isa = PBXGroup;
			children = (
				13E09BD32A2CA4AC009543C6 /* ConnectedSample.app */,
			);
			name = Products;
			sourceTree = "<group>";
		};
		13E09BD52A2CA4AC009543C6 /* ConnectedSample */ = {
			isa = PBXGroup;
			children = (
				13E09BF32A2D1392009543C6 /* MainView.swift */,
				13E09BF22A2CF5FC009543C6 /* Info.plist */,
				13E09BEE2A2CE914009543C6 /* CameraSampleView.swift */,
				13E09BD62A2CA4AC009543C6 /* ConnectedSampleApp.swift */,
				13E09BE42A2CC927009543C6 /* OnboardingView.swift */,
				13E09BD82A2CA4AC009543C6 /* ContentView.swift */,
				13E09BDA2A2CA4AD009543C6 /* Assets.xcassets */,
				13E09BDC2A2CA4AD009543C6 /* Preview Content */,
				13E09BE62A2CD23B009543C6 /* SkipButton.swift */,
				13E09BE82A2CD3AE009543C6 /* OnboardingButton.swift */,
				13E09BEA2A2CDDDF009543C6 /* CustomProgressbar.swift */,
				13E09BF02A2CF210009543C6 /* SampleModal.swift */,
			);
			path = ConnectedSample;
			sourceTree = "<group>";
		};
		13E09BDC2A2CA4AD009543C6 /* Preview Content */ = {
			isa = PBXGroup;
			children = (
				13E09BDD2A2CA4AD009543C6 /* Preview Assets.xcassets */,
			);
			path = "Preview Content";
			sourceTree = "<group>";
		};
/* End PBXGroup section */

/* Begin PBXNativeTarget section */
		13E09BD22A2CA4AC009543C6 /* ConnectedSample */ = {
			isa = PBXNativeTarget;
			buildConfigurationList = 13E09BE12A2CA4AD009543C6 /* Build configuration list for PBXNativeTarget "ConnectedSample" */;
			buildPhases = (
				13E09BCF2A2CA4AC009543C6 /* Sources */,
				13E09BD02A2CA4AC009543C6 /* Frameworks */,
				13E09BD12A2CA4AC009543C6 /* Resources */,
			);
			buildRules = (
			);
			dependencies = (
			);
			name = ConnectedSample;
			productName = ConnectedSample;
			productReference = 13E09BD32A2CA4AC009543C6 /* ConnectedSample.app */;
			productType = "com.apple.product-type.application";
		};
/* End PBXNativeTarget section */

/* Begin PBXProject section */
		13E09BCB2A2CA4AC009543C6 /* Project object */ = {
			isa = PBXProject;
			attributes = {
				BuildIndependentTargetsInParallel = 1;
				LastSwiftUpdateCheck = 1430;
				LastUpgradeCheck = 1430;
				TargetAttributes = {
					13E09BD22A2CA4AC009543C6 = {
						CreatedOnToolsVersion = 14.3;
					};
				};
			};
			buildConfigurationList = 13E09BCE2A2CA4AC009543C6 /* Build configuration list for PBXProject "ConnectedSample" */;
			compatibilityVersion = "Xcode 14.0";
			developmentRegion = en;
			hasScannedForEncodings = 0;
			knownRegions = (
				en,
				Base,
			);
			mainGroup = 13E09BCA2A2CA4AC009543C6;
			productRefGroup = 13E09BD42A2CA4AC009543C6 /* Products */;
			projectDirPath = "";
			projectRoot = "";
			targets = (
				13E09BD22A2CA4AC009543C6 /* ConnectedSample */,
			);
		};
/* End PBXProject section */

/* Begin PBXResourcesBuildPhase section */
		13E09BD12A2CA4AC009543C6 /* Resources */ = {
			isa = PBXResourcesBuildPhase;
			buildActionMask = 2147483647;
			files = (
				13E09BDE2A2CA4AD009543C6 /* Preview Assets.xcassets in Resources */,
				13E09BDB2A2CA4AD009543C6 /* Assets.xcassets in Resources */,
			);
			runOnlyForDeploymentPostprocessing = 0;
		};
/* End PBXResourcesBuildPhase section */

/* Begin PBXSourcesBuildPhase section */
		13E09BCF2A2CA4AC009543C6 /* Sources */ = {
			isa = PBXSourcesBuildPhase;
			buildActionMask = 2147483647;
			files = (
				13E09BE92A2CD3AE009543C6 /* OnboardingButton.swift in Sources */,
				13E09BF42A2D1392009543C6 /* MainView.swift in Sources */,
				13E09BE52A2CC927009543C6 /* OnboardingView.swift in Sources */,
				13E09BD92A2CA4AC009543C6 /* ContentView.swift in Sources */,
				13E09BF12A2CF210009543C6 /* SampleModal.swift in Sources */,
				13E09BE72A2CD23B009543C6 /* SkipButton.swift in Sources */,
				13E09BD72A2CA4AC009543C6 /* ConnectedSampleApp.swift in Sources */,
				13E09BEB2A2CDDDF009543C6 /* CustomProgressbar.swift in Sources */,
				13E09BEF2A2CE914009543C6 /* CameraSampleView.swift in Sources */,
			);
			runOnlyForDeploymentPostprocessing = 0;
		};
/* End PBXSourcesBuildPhase section */

/* Begin XCBuildConfiguration section */
		13E09BDF2A2CA4AD009543C6 /* Debug */ = {
			isa = XCBuildConfiguration;
			buildSettings = {
				ALWAYS_SEARCH_USER_PATHS = NO;
				CLANG_ANALYZER_NONNULL = YES;
				CLANG_ANALYZER_NUMBER_OBJECT_CONVERSION = YES_AGGRESSIVE;
				CLANG_CXX_LANGUAGE_STANDARD = "gnu++20";
				CLANG_ENABLE_MODULES = YES;
				CLANG_ENABLE_OBJC_ARC = YES;
				CLANG_ENABLE_OBJC_WEAK = YES;
				CLANG_WARN_BLOCK_CAPTURE_AUTORELEASING = YES;
				CLANG_WARN_BOOL_CONVERSION = YES;
				CLANG_WARN_COMMA = YES;
				CLANG_WARN_CONSTANT_CONVERSION = YES;
				CLANG_WARN_DEPRECATED_OBJC_IMPLEMENTATIONS = YES;
				CLANG_WARN_DIRECT_OBJC_ISA_USAGE = YES_ERROR;
				CLANG_WARN_DOCUMENTATION_COMMENTS = YES;
				CLANG_WARN_EMPTY_BODY = YES;
				CLANG_WARN_ENUM_CONVERSION = YES;
				CLANG_WARN_INFINITE_RECURSION = YES;
				CLANG_WARN_INT_CONVERSION = YES;
				CLANG_WARN_NON_LITERAL_NULL_CONVERSION = YES;
				CLANG_WARN_OBJC_IMPLICIT_RETAIN_SELF = YES;
				CLANG_WARN_OBJC_LITERAL_CONVERSION = YES;
				CLANG_WARN_OBJC_ROOT_CLASS = YES_ERROR;
				CLANG_WARN_QUOTED_INCLUDE_IN_FRAMEWORK_HEADER = YES;
				CLANG_WARN_RANGE_LOOP_ANALYSIS = YES;
				CLANG_WARN_STRICT_PROTOTYPES = YES;
				CLANG_WARN_SUSPICIOUS_MOVE = YES;
				CLANG_WARN_UNGUARDED_AVAILABILITY = YES_AGGRESSIVE;
				CLANG_WARN_UNREACHABLE_CODE = YES;
				CLANG_WARN__DUPLICATE_METHOD_MATCH = YES;
				COPY_PHASE_STRIP = NO;
				DEBUG_INFORMATION_FORMAT = dwarf;
				ENABLE_STRICT_OBJC_MSGSEND = YES;
				ENABLE_TESTABILITY = YES;
				GCC_C_LANGUAGE_STANDARD = gnu11;
				GCC_DYNAMIC_NO_PIC = NO;
				GCC_NO_COMMON_BLOCKS = YES;
				GCC_OPTIMIZATION_LEVEL = 0;
				GCC_PREPROCESSOR_DEFINITIONS = (
					"DEBUG=1",
					"$(inherited)",
				);
				GCC_WARN_64_TO_32_BIT_CONVERSION = YES;
				GCC_WARN_ABOUT_RETURN_TYPE = YES_ERROR;
				GCC_WARN_UNDECLARED_SELECTOR = YES;
				GCC_WARN_UNINITIALIZED_AUTOS = YES_AGGRESSIVE;
				GCC_WARN_UNUSED_FUNCTION = YES;
				GCC_WARN_UNUSED_VARIABLE = YES;
				IPHONEOS_DEPLOYMENT_TARGET = 16.4;
				MTL_ENABLE_DEBUG_INFO = INCLUDE_SOURCE;
				MTL_FAST_MATH = YES;
				ONLY_ACTIVE_ARCH = YES;
				SDKROOT = iphoneos;
				SWIFT_ACTIVE_COMPILATION_CONDITIONS = DEBUG;
				SWIFT_OPTIMIZATION_LEVEL = "-Onone";
			};
			name = Debug;
		};
		13E09BE02A2CA4AD009543C6 /* Release */ = {
			isa = XCBuildConfiguration;
			buildSettings = {
				ALWAYS_SEARCH_USER_PATHS = NO;
				CLANG_ANALYZER_NONNULL = YES;
				CLANG_ANALYZER_NUMBER_OBJECT_CONVERSION = YES_AGGRESSIVE;
				CLANG_CXX_LANGUAGE_STANDARD = "gnu++20";
				CLANG_ENABLE_MODULES = YES;
				CLANG_ENABLE_OBJC_ARC = YES;
				CLANG_ENABLE_OBJC_WEAK = YES;
				CLANG_WARN_BLOCK_CAPTURE_AUTORELEASING = YES;
				CLANG_WARN_BOOL_CONVERSION = YES;
				CLANG_WARN_COMMA = YES;
				CLANG_WARN_CONSTANT_CONVERSION = YES;
				CLANG_WARN_DEPRECATED_OBJC_IMPLEMENTATIONS = YES;
				CLANG_WARN_DIRECT_OBJC_ISA_USAGE = YES_ERROR;
				CLANG_WARN_DOCUMENTATION_COMMENTS = YES;
				CLANG_WARN_EMPTY_BODY = YES;
				CLANG_WARN_ENUM_CONVERSION = YES;
				CLANG_WARN_INFINITE_RECURSION = YES;
				CLANG_WARN_INT_CONVERSION = YES;
				CLANG_WARN_NON_LITERAL_NULL_CONVERSION = YES;
				CLANG_WARN_OBJC_IMPLICIT_RETAIN_SELF = YES;
				CLANG_WARN_OBJC_LITERAL_CONVERSION = YES;
				CLANG_WARN_OBJC_ROOT_CLASS = YES_ERROR;
				CLANG_WARN_QUOTED_INCLUDE_IN_FRAMEWORK_HEADER = YES;
				CLANG_WARN_RANGE_LOOP_ANALYSIS = YES;
				CLANG_WARN_STRICT_PROTOTYPES = YES;
				CLANG_WARN_SUSPICIOUS_MOVE = YES;
				CLANG_WARN_UNGUARDED_AVAILABILITY = YES_AGGRESSIVE;
				CLANG_WARN_UNREACHABLE_CODE = YES;
				CLANG_WARN__DUPLICATE_METHOD_MATCH = YES;
				COPY_PHASE_STRIP = NO;
				DEBUG_INFORMATION_FORMAT = "dwarf-with-dsym";
				ENABLE_NS_ASSERTIONS = NO;
				ENABLE_STRICT_OBJC_MSGSEND = YES;
				GCC_C_LANGUAGE_STANDARD = gnu11;
				GCC_NO_COMMON_BLOCKS = YES;
				GCC_WARN_64_TO_32_BIT_CONVERSION = YES;
				GCC_WARN_ABOUT_RETURN_TYPE = YES_ERROR;
				GCC_WARN_UNDECLARED_SELECTOR = YES;
				GCC_WARN_UNINITIALIZED_AUTOS = YES_AGGRESSIVE;
				GCC_WARN_UNUSED_FUNCTION = YES;
				GCC_WARN_UNUSED_VARIABLE = YES;
				IPHONEOS_DEPLOYMENT_TARGET = 16.4;
				MTL_ENABLE_DEBUG_INFO = NO;
				MTL_FAST_MATH = YES;
				SDKROOT = iphoneos;
				SWIFT_COMPILATION_MODE = wholemodule;
				SWIFT_OPTIMIZATION_LEVEL = "-O";
				VALIDATE_PRODUCT = YES;
			};
			name = Release;
		};
		13E09BE22A2CA4AD009543C6 /* Debug */ = {
			isa = XCBuildConfiguration;
			buildSettings = {
				ASSETCATALOG_COMPILER_APPICON_NAME = AppIcon;
				ASSETCATALOG_COMPILER_GLOBAL_ACCENT_COLOR_NAME = AccentColor;
				CODE_SIGN_STYLE = Automatic;
				CURRENT_PROJECT_VERSION = 1;
				DEVELOPMENT_ASSET_PATHS = "\"ConnectedSample/Preview Content\"";
				DEVELOPMENT_TEAM = 34K3V5D9X5;
				ENABLE_PREVIEWS = YES;
				GENERATE_INFOPLIST_FILE = YES;
				INFOPLIST_FILE = ConnectedSample/Info.plist;
				INFOPLIST_KEY_CFBundleDisplayName = "";
				INFOPLIST_KEY_LSApplicationCategoryType = "";
				INFOPLIST_KEY_NSCameraUsageDescription = "카메라";
				INFOPLIST_KEY_NSHumanReadableCopyright = "";
				INFOPLIST_KEY_NSPhotoLibraryAddUsageDescription = "앨범";
				INFOPLIST_KEY_UIApplicationSceneManifest_Generation = YES;
				INFOPLIST_KEY_UIApplicationSupportsIndirectInputEvents = YES;
				INFOPLIST_KEY_UISupportedInterfaceOrientations_iPad = "UIInterfaceOrientationPortrait UIInterfaceOrientationPortraitUpsideDown UIInterfaceOrientationLandscapeLeft UIInterfaceOrientationLandscapeRight";
				INFOPLIST_KEY_UISupportedInterfaceOrientations_iPhone = "UIInterfaceOrientationPortrait UIInterfaceOrientationLandscapeLeft UIInterfaceOrientationLandscapeRight";
				IPHONEOS_DEPLOYMENT_TARGET = 16.0;
				LD_RUNPATH_SEARCH_PATHS = (
					"$(inherited)",
					"@executable_path/Frameworks",
				);
				MARKETING_VERSION = 1.0;
				PRODUCT_BUNDLE_IDENTIFIER = d.ConnectedSample;
				PRODUCT_NAME = "$(TARGET_NAME)";
				SWIFT_EMIT_LOC_STRINGS = YES;
				SWIFT_VERSION = 5.0;
				TARGETED_DEVICE_FAMILY = "1,2";
			};
			name = Debug;
		};
		13E09BE32A2CA4AD009543C6 /* Release */ = {
			isa = XCBuildConfiguration;
			buildSettings = {
				ASSETCATALOG_COMPILER_APPICON_NAME = AppIcon;
				ASSETCATALOG_COMPILER_GLOBAL_ACCENT_COLOR_NAME = AccentColor;
				CODE_SIGN_STYLE = Automatic;
				CURRENT_PROJECT_VERSION = 1;
				DEVELOPMENT_ASSET_PATHS = "\"ConnectedSample/Preview Content\"";
				ENABLE_PREVIEWS = YES;
				GENERATE_INFOPLIST_FILE = YES;
				INFOPLIST_FILE = ConnectedSample/Info.plist;
				INFOPLIST_KEY_CFBundleDisplayName = "";
				INFOPLIST_KEY_LSApplicationCategoryType = "";
				INFOPLIST_KEY_NSCameraUsageDescription = "카메라";
				INFOPLIST_KEY_NSHumanReadableCopyright = "";
				INFOPLIST_KEY_NSPhotoLibraryAddUsageDescription = "앨범";
				INFOPLIST_KEY_UIApplicationSceneManifest_Generation = YES;
				INFOPLIST_KEY_UIApplicationSupportsIndirectInputEvents = YES;
				INFOPLIST_KEY_UISupportedInterfaceOrientations_iPad = "UIInterfaceOrientationPortrait UIInterfaceOrientationPortraitUpsideDown UIInterfaceOrientationLandscapeLeft UIInterfaceOrientationLandscapeRight";
				INFOPLIST_KEY_UISupportedInterfaceOrientations_iPhone = "UIInterfaceOrientationPortrait UIInterfaceOrientationLandscapeLeft UIInterfaceOrientationLandscapeRight";
				IPHONEOS_DEPLOYMENT_TARGET = 16.0;
				LD_RUNPATH_SEARCH_PATHS = (
					"$(inherited)",
					"@executable_path/Frameworks",
				);
				MARKETING_VERSION = 1.0;
				PRODUCT_BUNDLE_IDENTIFIER = d.ConnectedSample;
				PRODUCT_NAME = "$(TARGET_NAME)";
				SWIFT_EMIT_LOC_STRINGS = YES;
				SWIFT_VERSION = 5.0;
				TARGETED_DEVICE_FAMILY = "1,2";
			};
			name = Release;
		};
/* End XCBuildConfiguration section */

/* Begin XCConfigurationList section */
		13E09BCE2A2CA4AC009543C6 /* Build configuration list for PBXProject "ConnectedSample" */ = {
			isa = XCConfigurationList;
			buildConfigurations = (
				13E09BDF2A2CA4AD009543C6 /* Debug */,
				13E09BE02A2CA4AD009543C6 /* Release */,
			);
			defaultConfigurationIsVisible = 0;
			defaultConfigurationName = Release;
		};
		13E09BE12A2CA4AD009543C6 /* Build configuration list for PBXNativeTarget "ConnectedSample" */ = {
			isa = XCConfigurationList;
			buildConfigurations = (
				13E09BE22A2CA4AD009543C6 /* Debug */,
				13E09BE32A2CA4AD009543C6 /* Release */,
			);
			defaultConfigurationIsVisible = 0;
			defaultConfigurationName = Release;
		};
/* End XCConfigurationList section */
	};
	rootObject = 13E09BCB2A2CA4AC009543C6 /* Project object */;
}
